// !$*UTF8*$!
{
	archiveVersion = 1;
	classes = {
	};
	objectVersion = 77;
	objects = {

/* Begin PBXBuildFile section */
		F133D9AF2EEFF4E600468E01 /* Dependencies in Frameworks */ = {isa = PBXBuildFile; productRef = F133D9AE2EEFF4E600468E01 /* Dependencies */; };
		F133D9B12EEFF4E600468E01 /* DependenciesMacros in Frameworks */ = {isa = PBXBuildFile; productRef = F133D9B02EEFF4E600468E01 /* DependenciesMacros */; };
		F15DC5AA2EEFA57B00678AF7 /* OpenAPIRuntime in Frameworks */ = {isa = PBXBuildFile; productRef = F15DC5A92EEFA57B00678AF7 /* OpenAPIRuntime */; };
		F15DC5AC2EEFA57F00678AF7 /* OpenAPIURLSession in Frameworks */ = {isa = PBXBuildFile; productRef = F15DC5AB2EEFA57F00678AF7 /* OpenAPIURLSession */; };
		F19665322EF13D2900983A66 /* NukeUI in Frameworks */ = {isa = PBXBuildFile; productRef = F19665312EF13D2900983A66 /* NukeUI */; };
/* End PBXBuildFile section */

/* Begin PBXContainerItemProxy section */
		F121DC182EEE93E400F19674 /* PBXContainerItemProxy */ = {
			isa = PBXContainerItemProxy;
			containerPortal = F121DC022EEE93E300F19674 /* Project object */;
			proxyType = 1;
			remoteGlobalIDString = F121DC092EEE93E300F19674;
			remoteInfo = OctoDeck;
		};
		F121DC222EEE93E400F19674 /* PBXContainerItemProxy */ = {
			isa = PBXContainerItemProxy;
			containerPortal = F121DC022EEE93E300F19674 /* Project object */;
			proxyType = 1;
			remoteGlobalIDString = F121DC092EEE93E300F19674;
			remoteInfo = OctoDeck;
		};
/* End PBXContainerItemProxy section */

/* Begin PBXFileReference section */
		F121DC0A2EEE93E300F19674 /* OctoDeck.app */ = {isa = PBXFileReference; explicitFileType = wrapper.application; includeInIndex = 0; path = OctoDeck.app; sourceTree = BUILT_PRODUCTS_DIR; };
		F121DC172EEE93E400F19674 /* OctoDeckTests.xctest */ = {isa = PBXFileReference; explicitFileType = wrapper.cfbundle; includeInIndex = 0; path = OctoDeckTests.xctest; sourceTree = BUILT_PRODUCTS_DIR; };
		F121DC212EEE93E400F19674 /* OctoDeckUITests.xctest */ = {isa = PBXFileReference; explicitFileType = wrapper.cfbundle; includeInIndex = 0; path = OctoDeckUITests.xctest; sourceTree = BUILT_PRODUCTS_DIR; };
/* End PBXFileReference section */

/* Begin PBXFileSystemSynchronizedRootGroup section */
		F121DC0C2EEE93E300F19674 /* OctoDeck */ = {
			isa = PBXFileSystemSynchronizedRootGroup;
			path = OctoDeck;
			sourceTree = "<group>";
		};
		F121DC1A2EEE93E400F19674 /* OctoDeckTests */ = {
			isa = PBXFileSystemSynchronizedRootGroup;
			path = OctoDeckTests;
			sourceTree = "<group>";
		};
		F121DC242EEE93E400F19674 /* OctoDeckUITests */ = {
			isa = PBXFileSystemSynchronizedRootGroup;
			path = OctoDeckUITests;
			sourceTree = "<group>";
		};
/* End PBXFileSystemSynchronizedRootGroup section */

/* Begin PBXFrameworksBuildPhase section */
		F121DC072EEE93E300F19674 /* Frameworks */ = {
			isa = PBXFrameworksBuildPhase;
			buildActionMask = 2147483647;
			files = (
				F19665322EF13D2900983A66 /* NukeUI in Frameworks */,
				F133D9AF2EEFF4E600468E01 /* Dependencies in Frameworks */,
				F15DC5AC2EEFA57F00678AF7 /* OpenAPIURLSession in Frameworks */,
				F133D9B12EEFF4E600468E01 /* DependenciesMacros in Frameworks */,
				F15DC5AA2EEFA57B00678AF7 /* OpenAPIRuntime in Frameworks */,
			);
			runOnlyForDeploymentPostprocessing = 0;
		};
		F121DC142EEE93E400F19674 /* Frameworks */ = {
			isa = PBXFrameworksBuildPhase;
			buildActionMask = 2147483647;
			files = (
			);
			runOnlyForDeploymentPostprocessing = 0;
		};
		F121DC1E2EEE93E400F19674 /* Frameworks */ = {
			isa = PBXFrameworksBuildPhase;
			buildActionMask = 2147483647;
			files = (
			);
			runOnlyForDeploymentPostprocessing = 0;
		};
/* End PBXFrameworksBuildPhase section */

/* Begin PBXGroup section */
		F121DC012EEE93E300F19674 = {
			isa = PBXGroup;
			children = (
				F121DC0C2EEE93E300F19674 /* OctoDeck */,
				F121DC1A2EEE93E400F19674 /* OctoDeckTests */,
				F121DC242EEE93E400F19674 /* OctoDeckUITests */,
				F15DC5A82EEFA57B00678AF7 /* Frameworks */,
				F121DC0B2EEE93E300F19674 /* Products */,
			);
			sourceTree = "<group>";
		};
		F121DC0B2EEE93E300F19674 /* Products */ = {
			isa = PBXGroup;
			children = (
				F121DC0A2EEE93E300F19674 /* OctoDeck.app */,
				F121DC172EEE93E400F19674 /* OctoDeckTests.xctest */,
				F121DC212EEE93E400F19674 /* OctoDeckUITests.xctest */,
			);
			name = Products;
			sourceTree = "<group>";
		};
		F15DC5A82EEFA57B00678AF7 /* Frameworks */ = {
			isa = PBXGroup;
			children = (
			);
			name = Frameworks;
			sourceTree = "<group>";
		};
/* End PBXGroup section */

/* Begin PBXNativeTarget section */
		F121DC092EEE93E300F19674 /* OctoDeck */ = {
			isa = PBXNativeTarget;
			buildConfigurationList = F121DC2B2EEE93E400F19674 /* Build configuration list for PBXNativeTarget "OctoDeck" */;
			buildPhases = (
				F121DC062EEE93E300F19674 /* Sources */,
				F121DC072EEE93E300F19674 /* Frameworks */,
				F121DC082EEE93E300F19674 /* Resources */,
			);
			buildRules = (
			);
			dependencies = (
				F15DC5A72EEFA54200678AF7 /* PBXTargetDependency */,
			);
			fileSystemSynchronizedGroups = (
				F121DC0C2EEE93E300F19674 /* OctoDeck */,
			);
			name = OctoDeck;
			packageProductDependencies = (
				F19665312EF13D2900983A66 /* NukeUI */,
				F15DC5A92EEFA57B00678AF7 /* OpenAPIRuntime */,
				F15DC5AB2EEFA57F00678AF7 /* OpenAPIURLSession */,
				F133D9AE2EEFF4E600468E01 /* Dependencies */,
				F133D9B02EEFF4E600468E01 /* DependenciesMacros */,
			);
			productName = OctoDeck;
			productReference = F121DC0A2EEE93E300F19674 /* OctoDeck.app */;
			productType = "com.apple.product-type.application";
		};
		F121DC162EEE93E400F19674 /* OctoDeckTests */ = {
			isa = PBXNativeTarget;
			buildConfigurationList = F121DC2E2EEE93E400F19674 /* Build configuration list for PBXNativeTarget "OctoDeckTests" */;
			buildPhases = (
				F121DC132EEE93E400F19674 /* Sources */,
				F121DC142EEE93E400F19674 /* Frameworks */,
				F121DC152EEE93E400F19674 /* Resources */,
			);
			buildRules = (
			);
			dependencies = (
				F121DC192EEE93E400F19674 /* PBXTargetDependency */,
			);
			fileSystemSynchronizedGroups = (
				F121DC1A2EEE93E400F19674 /* OctoDeckTests */,
			);
			name = OctoDeckTests;
			packageProductDependencies = (
			);
			productName = OctoDeckTests;
			productReference = F121DC172EEE93E400F19674 /* OctoDeckTests.xctest */;
			productType = "com.apple.product-type.bundle.unit-test";
		};
		F121DC202EEE93E400F19674 /* OctoDeckUITests */ = {
			isa = PBXNativeTarget;
			buildConfigurationList = F121DC312EEE93E400F19674 /* Build configuration list for PBXNativeTarget "OctoDeckUITests" */;
			buildPhases = (
				F121DC1D2EEE93E400F19674 /* Sources */,
				F121DC1E2EEE93E400F19674 /* Frameworks */,
				F121DC1F2EEE93E400F19674 /* Resources */,
			);
			buildRules = (
			);
			dependencies = (
				F121DC232EEE93E400F19674 /* PBXTargetDependency */,
			);
			fileSystemSynchronizedGroups = (
				F121DC242EEE93E400F19674 /* OctoDeckUITests */,
			);
			name = OctoDeckUITests;
			packageProductDependencies = (
			);
			productName = OctoDeckUITests;
			productReference = F121DC212EEE93E400F19674 /* OctoDeckUITests.xctest */;
			productType = "com.apple.product-type.bundle.ui-testing";
		};
/* End PBXNativeTarget section */

/* Begin PBXProject section */
		F121DC022EEE93E300F19674 /* Project object */ = {
			isa = PBXProject;
			attributes = {
				BuildIndependentTargetsInParallel = 1;
				LastSwiftUpdateCheck = 2610;
				LastUpgradeCheck = 2610;
				TargetAttributes = {
					F121DC092EEE93E300F19674 = {
						CreatedOnToolsVersion = 26.1.1;
					};
					F121DC162EEE93E400F19674 = {
						CreatedOnToolsVersion = 26.1.1;
						TestTargetID = F121DC092EEE93E300F19674;
					};
					F121DC202EEE93E400F19674 = {
						CreatedOnToolsVersion = 26.1.1;
						TestTargetID = F121DC092EEE93E300F19674;
					};
				};
			};
			buildConfigurationList = F121DC052EEE93E300F19674 /* Build configuration list for PBXProject "OctoDeck" */;
			developmentRegion = en;
			hasScannedForEncodings = 0;
			knownRegions = (
				en,
				Base,
			);
			mainGroup = F121DC012EEE93E300F19674;
			minimizedProjectReferenceProxies = 1;
			packageReferences = (
				F196652E2EF13D2900983A66 /* XCRemoteSwiftPackageReference "Nuke" */,
				F15DC5A32EEFA4D500678AF7 /* XCRemoteSwiftPackageReference "swift-openapi-generator" */,
				F15DC5A42EEFA4F800678AF7 /* XCRemoteSwiftPackageReference "swift-openapi-runtime" */,
				F15DC5A52EEFA51A00678AF7 /* XCRemoteSwiftPackageReference "swift-openapi-urlsession" */,
				F133D9AD2EEFF4E600468E01 /* XCRemoteSwiftPackageReference "swift-dependencies" */,
			);
			preferredProjectObjectVersion = 77;
			productRefGroup = F121DC0B2EEE93E300F19674 /* Products */;
			projectDirPath = "";
			projectRoot = "";
			targets = (
				F121DC092EEE93E300F19674 /* OctoDeck */,
				F121DC162EEE93E400F19674 /* OctoDeckTests */,
				F121DC202EEE93E400F19674 /* OctoDeckUITests */,
			);
		};
/* End PBXProject section */

/* Begin PBXResourcesBuildPhase section */
		F121DC082EEE93E300F19674 /* Resources */ = {
			isa = PBXResourcesBuildPhase;
			buildActionMask = 2147483647;
			files = (
			);
			runOnlyForDeploymentPostprocessing = 0;
		};
		F121DC152EEE93E400F19674 /* Resources */ = {
			isa = PBXResourcesBuildPhase;
			buildActionMask = 2147483647;
			files = (
			);
			runOnlyForDeploymentPostprocessing = 0;
		};
		F121DC1F2EEE93E400F19674 /* Resources */ = {
			isa = PBXResourcesBuildPhase;
			buildActionMask = 2147483647;
			files = (
			);
			runOnlyForDeploymentPostprocessing = 0;
		};
/* End PBXResourcesBuildPhase section */

/* Begin PBXSourcesBuildPhase section */
		F121DC062EEE93E300F19674 /* Sources */ = {
			isa = PBXSourcesBuildPhase;
			buildActionMask = 2147483647;
			files = (
			);
			runOnlyForDeploymentPostprocessing = 0;
		};
		F121DC132EEE93E400F19674 /* Sources */ = {
			isa = PBXSourcesBuildPhase;
			buildActionMask = 2147483647;
			files = (
			);
			runOnlyForDeploymentPostprocessing = 0;
		};
		F121DC1D2EEE93E400F19674 /* Sources */ = {
			isa = PBXSourcesBuildPhase;
			buildActionMask = 2147483647;
			files = (
			);
			runOnlyForDeploymentPostprocessing = 0;
		};
/* End PBXSourcesBuildPhase section */

/* Begin PBXTargetDependency section */
		F121DC192EEE93E400F19674 /* PBXTargetDependency */ = {
			isa = PBXTargetDependency;
			target = F121DC092EEE93E300F19674 /* OctoDeck */;
			targetProxy = F121DC182EEE93E400F19674 /* PBXContainerItemProxy */;
		};
		F121DC232EEE93E400F19674 /* PBXTargetDependency */ = {
			isa = PBXTargetDependency;
			target = F121DC092EEE93E300F19674 /* OctoDeck */;
			targetProxy = F121DC222EEE93E400F19674 /* PBXContainerItemProxy */;
		};
		F15DC5A72EEFA54200678AF7 /* PBXTargetDependency */ = {
			isa = PBXTargetDependency;
			productRef = F15DC5A62EEFA54200678AF7 /* OpenAPIGenerator */;
		};
/* End PBXTargetDependency section */

/* Begin XCBuildConfiguration section */
		F121DC292EEE93E400F19674 /* Debug */ = {
			isa = XCBuildConfiguration;
			buildSettings = {
				ALWAYS_SEARCH_USER_PATHS = NO;
				ASSETCATALOG_COMPILER_GENERATE_SWIFT_ASSET_SYMBOL_EXTENSIONS = YES;
				CLANG_ANALYZER_NONNULL = YES;
				CLANG_ANALYZER_NUMBER_OBJECT_CONVERSION = YES_AGGRESSIVE;
				CLANG_CXX_LANGUAGE_STANDARD = "gnu++20";
				CLANG_ENABLE_MODULES = YES;
				CLANG_ENABLE_OBJC_ARC = YES;
				CLANG_ENABLE_OBJC_WEAK = YES;
				CLANG_WARN_BLOCK_CAPTURE_AUTORELEASING = YES;
				CLANG_WARN_BOOL_CONVERSION = YES;
				CLANG_WARN_COMMA = YES;
				CLANG_WARN_CONSTANT_CONVERSION = YES;
				CLANG_WARN_DEPRECATED_OBJC_IMPLEMENTATIONS = YES;
				CLANG_WARN_DIRECT_OBJC_ISA_USAGE = YES_ERROR;
				CLANG_WARN_DOCUMENTATION_COMMENTS = YES;
				CLANG_WARN_EMPTY_BODY = YES;
				CLANG_WARN_ENUM_CONVERSION = YES;
				CLANG_WARN_INFINITE_RECURSION = YES;
				CLANG_WARN_INT_CONVERSION = YES;
				CLANG_WARN_NON_LITERAL_NULL_CONVERSION = YES;
				CLANG_WARN_OBJC_IMPLICIT_RETAIN_SELF = YES;
				CLANG_WARN_OBJC_LITERAL_CONVERSION = YES;
				CLANG_WARN_OBJC_ROOT_CLASS = YES_ERROR;
				CLANG_WARN_QUOTED_INCLUDE_IN_FRAMEWORK_HEADER = YES;
				CLANG_WARN_RANGE_LOOP_ANALYSIS = YES;
				CLANG_WARN_STRICT_PROTOTYPES = YES;
				CLANG_WARN_SUSPICIOUS_MOVE = YES;
				CLANG_WARN_UNGUARDED_AVAILABILITY = YES_AGGRESSIVE;
				CLANG_WARN_UNREACHABLE_CODE = YES;
				CLANG_WARN__DUPLICATE_METHOD_MATCH = YES;
				COPY_PHASE_STRIP = NO;
				DEBUG_INFORMATION_FORMAT = dwarf;
				DEVELOPMENT_TEAM = 4YP7SQBLYV;
				ENABLE_STRICT_OBJC_MSGSEND = YES;
				ENABLE_TESTABILITY = YES;
				ENABLE_USER_SCRIPT_SANDBOXING = YES;
				GCC_C_LANGUAGE_STANDARD = gnu17;
				GCC_DYNAMIC_NO_PIC = NO;
				GCC_NO_COMMON_BLOCKS = YES;
				GCC_OPTIMIZATION_LEVEL = 0;
				GCC_PREPROCESSOR_DEFINITIONS = (
					"DEBUG=1",
					"$(inherited)",
				);
				GCC_WARN_64_TO_32_BIT_CONVERSION = YES;
				GCC_WARN_ABOUT_RETURN_TYPE = YES_ERROR;
				GCC_WARN_UNDECLARED_SELECTOR = YES;
				GCC_WARN_UNINITIALIZED_AUTOS = YES_AGGRESSIVE;
				GCC_WARN_UNUSED_FUNCTION = YES;
				GCC_WARN_UNUSED_VARIABLE = YES;
				IPHONEOS_DEPLOYMENT_TARGET = 26.1;
				LOCALIZATION_PREFERS_STRING_CATALOGS = YES;
				MTL_ENABLE_DEBUG_INFO = INCLUDE_SOURCE;
				MTL_FAST_MATH = YES;
				ONLY_ACTIVE_ARCH = YES;
				SDKROOT = iphoneos;
				SWIFT_ACTIVE_COMPILATION_CONDITIONS = "DEBUG $(inherited)";
				SWIFT_OPTIMIZATION_LEVEL = "-Onone";
			};
			name = Debug;
		};
		F121DC2A2EEE93E400F19674 /* Release */ = {
			isa = XCBuildConfiguration;
			buildSettings = {
				ALWAYS_SEARCH_USER_PATHS = NO;
				ASSETCATALOG_COMPILER_GENERATE_SWIFT_ASSET_SYMBOL_EXTENSIONS = YES;
				CLANG_ANALYZER_NONNULL = YES;
				CLANG_ANALYZER_NUMBER_OBJECT_CONVERSION = YES_AGGRESSIVE;
				CLANG_CXX_LANGUAGE_STANDARD = "gnu++20";
				CLANG_ENABLE_MODULES = YES;
				CLANG_ENABLE_OBJC_ARC = YES;
				CLANG_ENABLE_OBJC_WEAK = YES;
				CLANG_WARN_BLOCK_CAPTURE_AUTORELEASING = YES;
				CLANG_WARN_BOOL_CONVERSION = YES;
				CLANG_WARN_COMMA = YES;
				CLANG_WARN_CONSTANT_CONVERSION = YES;
				CLANG_WARN_DEPRECATED_OBJC_IMPLEMENTATIONS = YES;
				CLANG_WARN_DIRECT_OBJC_ISA_USAGE = YES_ERROR;
				CLANG_WARN_DOCUMENTATION_COMMENTS = YES;
				CLANG_WARN_EMPTY_BODY = YES;
				CLANG_WARN_ENUM_CONVERSION = YES;
				CLANG_WARN_INFINITE_RECURSION = YES;
				CLANG_WARN_INT_CONVERSION = YES;
				CLANG_WARN_NON_LITERAL_NULL_CONVERSION = YES;
				CLANG_WARN_OBJC_IMPLICIT_RETAIN_SELF = YES;
				CLANG_WARN_OBJC_LITERAL_CONVERSION = YES;
				CLANG_WARN_OBJC_ROOT_CLASS = YES_ERROR;
				CLANG_WARN_QUOTED_INCLUDE_IN_FRAMEWORK_HEADER = YES;
				CLANG_WARN_RANGE_LOOP_ANALYSIS = YES;
				CLANG_WARN_STRICT_PROTOTYPES = YES;
				CLANG_WARN_SUSPICIOUS_MOVE = YES;
				CLANG_WARN_UNGUARDED_AVAILABILITY = YES_AGGRESSIVE;
				CLANG_WARN_UNREACHABLE_CODE = YES;
				CLANG_WARN__DUPLICATE_METHOD_MATCH = YES;
				COPY_PHASE_STRIP = NO;
				DEBUG_INFORMATION_FORMAT = "dwarf-with-dsym";
				DEVELOPMENT_TEAM = 4YP7SQBLYV;
				ENABLE_NS_ASSERTIONS = NO;
				ENABLE_STRICT_OBJC_MSGSEND = YES;
				ENABLE_USER_SCRIPT_SANDBOXING = YES;
				GCC_C_LANGUAGE_STANDARD = gnu17;
				GCC_NO_COMMON_BLOCKS = YES;
				GCC_WARN_64_TO_32_BIT_CONVERSION = YES;
				GCC_WARN_ABOUT_RETURN_TYPE = YES_ERROR;
				GCC_WARN_UNDECLARED_SELECTOR = YES;
				GCC_WARN_UNINITIALIZED_AUTOS = YES_AGGRESSIVE;
				GCC_WARN_UNUSED_FUNCTION = YES;
				GCC_WARN_UNUSED_VARIABLE = YES;
				IPHONEOS_DEPLOYMENT_TARGET = 26.1;
				LOCALIZATION_PREFERS_STRING_CATALOGS = YES;
				MTL_ENABLE_DEBUG_INFO = NO;
				MTL_FAST_MATH = YES;
				SDKROOT = iphoneos;
				SWIFT_COMPILATION_MODE = wholemodule;
				VALIDATE_PRODUCT = YES;
			};
			name = Release;
		};
		F121DC2C2EEE93E400F19674 /* Debug */ = {
			isa = XCBuildConfiguration;
			buildSettings = {
				ASSETCATALOG_COMPILER_APPICON_NAME = AppIcon;
				ASSETCATALOG_COMPILER_GLOBAL_ACCENT_COLOR_NAME = AccentColor;
				CODE_SIGN_ENTITLEMENTS = OctoDeck/OctoDeck.entitlements;
				"CODE_SIGN_IDENTITY[sdk=iphoneos*]" = "iPhone Developer";
				CODE_SIGN_STYLE = Manual;
				CURRENT_PROJECT_VERSION = 1;
				DEVELOPMENT_TEAM = "";
				"DEVELOPMENT_TEAM[sdk=iphoneos*]" = 4YP7SQBLYV;
				ENABLE_PREVIEWS = YES;
				GENERATE_INFOPLIST_FILE = YES;
				INFOPLIST_KEY_ITSAppUsesNonExemptEncryption = NO;
				INFOPLIST_KEY_UIApplicationSceneManifest_Generation = YES;
				INFOPLIST_KEY_UIApplicationSupportsIndirectInputEvents = YES;
				INFOPLIST_KEY_UILaunchScreen_Generation = YES;
				INFOPLIST_KEY_UISupportedInterfaceOrientations_iPad = "UIInterfaceOrientationPortrait UIInterfaceOrientationPortraitUpsideDown UIInterfaceOrientationLandscapeLeft UIInterfaceOrientationLandscapeRight";
				INFOPLIST_KEY_UISupportedInterfaceOrientations_iPhone = "UIInterfaceOrientationPortrait UIInterfaceOrientationLandscapeLeft UIInterfaceOrientationLandscapeRight";
				LD_RUNPATH_SEARCH_PATHS = (
					"$(inherited)",
					"@executable_path/Frameworks",
				);
				MARKETING_VERSION = 1.0;
				PRODUCT_BUNDLE_IDENTIFIER = co.furari.OctoDeck;
				PRODUCT_NAME = "$(TARGET_NAME)";
				PROVISIONING_PROFILE_SPECIFIER = "";
				"PROVISIONING_PROFILE_SPECIFIER[sdk=iphoneos*]" = "match Development co.furari.OctoDeck";
				STRING_CATALOG_GENERATE_SYMBOLS = YES;
				SWIFT_APPROACHABLE_CONCURRENCY = NO;
				SWIFT_DEFAULT_ACTOR_ISOLATION = nonisolated;
				SWIFT_EMIT_LOC_STRINGS = YES;
				SWIFT_UPCOMING_FEATURE_MEMBER_IMPORT_VISIBILITY = YES;
				SWIFT_VERSION = 5.0;
				TARGETED_DEVICE_FAMILY = "1,2";
			};
			name = Debug;
		};
		F121DC2D2EEE93E400F19674 /* Release */ = {
			isa = XCBuildConfiguration;
			buildSettings = {
				ASSETCATALOG_COMPILER_APPICON_NAME = AppIcon;
				ASSETCATALOG_COMPILER_GLOBAL_ACCENT_COLOR_NAME = AccentColor;
				CODE_SIGN_ENTITLEMENTS = OctoDeck/OctoDeck.entitlements;
				"CODE_SIGN_IDENTITY[sdk=iphoneos*]" = "iPhone Developer";
				CODE_SIGN_STYLE = Manual;
				CURRENT_PROJECT_VERSION = 1;
				DEVELOPMENT_TEAM = "";
				"DEVELOPMENT_TEAM[sdk=iphoneos*]" = 4YP7SQBLYV;
				ENABLE_PREVIEWS = YES;
				GENERATE_INFOPLIST_FILE = YES;
				INFOPLIST_KEY_ITSAppUsesNonExemptEncryption = NO;
				INFOPLIST_KEY_UIApplicationSceneManifest_Generation = YES;
				INFOPLIST_KEY_UIApplicationSupportsIndirectInputEvents = YES;
				INFOPLIST_KEY_UILaunchScreen_Generation = YES;
				INFOPLIST_KEY_UISupportedInterfaceOrientations_iPad = "UIInterfaceOrientationPortrait UIInterfaceOrientationPortraitUpsideDown UIInterfaceOrientationLandscapeLeft UIInterfaceOrientationLandscapeRight";
				INFOPLIST_KEY_UISupportedInterfaceOrientations_iPhone = "UIInterfaceOrientationPortrait UIInterfaceOrientationLandscapeLeft UIInterfaceOrientationLandscapeRight";
				LD_RUNPATH_SEARCH_PATHS = (
					"$(inherited)",
					"@executable_path/Frameworks",
				);
				MARKETING_VERSION = 1.0;
				PRODUCT_BUNDLE_IDENTIFIER = co.furari.OctoDeck;
				PRODUCT_NAME = "$(TARGET_NAME)";
				PROVISIONING_PROFILE_SPECIFIER = "";
				"PROVISIONING_PROFILE_SPECIFIER[sdk=iphoneos*]" = "match Development co.furari.OctoDeck";
				STRING_CATALOG_GENERATE_SYMBOLS = YES;
				SWIFT_APPROACHABLE_CONCURRENCY = NO;
				SWIFT_DEFAULT_ACTOR_ISOLATION = nonisolated;
				SWIFT_EMIT_LOC_STRINGS = YES;
				SWIFT_UPCOMING_FEATURE_MEMBER_IMPORT_VISIBILITY = YES;
				SWIFT_VERSION = 5.0;
				TARGETED_DEVICE_FAMILY = "1,2";
			};
			name = Release;
		};
		F121DC2F2EEE93E400F19674 /* Debug */ = {
			isa = XCBuildConfiguration;
			buildSettings = {
				BUNDLE_LOADER = "$(TEST_HOST)";
				CODE_SIGN_STYLE = Automatic;
				CURRENT_PROJECT_VERSION = 1;
				DEVELOPMENT_TEAM = 4YP7SQBLYV;
				GENERATE_INFOPLIST_FILE = YES;
				IPHONEOS_DEPLOYMENT_TARGET = 26.1;
				MARKETING_VERSION = 1.0;
				PRODUCT_BUNDLE_IDENTIFIER = co.furari.OctoDeckTests;
				PRODUCT_NAME = "$(TARGET_NAME)";
				STRING_CATALOG_GENERATE_SYMBOLS = NO;
				SWIFT_APPROACHABLE_CONCURRENCY = YES;
				SWIFT_EMIT_LOC_STRINGS = NO;
				SWIFT_UPCOMING_FEATURE_MEMBER_IMPORT_VISIBILITY = YES;
				SWIFT_VERSION = 5.0;
				TARGETED_DEVICE_FAMILY = "1,2";
				TEST_HOST = "$(BUILT_PRODUCTS_DIR)/OctoDeck.app/$(BUNDLE_EXECUTABLE_FOLDER_PATH)/OctoDeck";
			};
			name = Debug;
		};
		F121DC302EEE93E400F19674 /* Release */ = {
			isa = XCBuildConfiguration;
			buildSettings = {
				BUNDLE_LOADER = "$(TEST_HOST)";
				CODE_SIGN_STYLE = Automatic;
				CURRENT_PROJECT_VERSION = 1;
				DEVELOPMENT_TEAM = 4YP7SQBLYV;
				GENERATE_INFOPLIST_FILE = YES;
				IPHONEOS_DEPLOYMENT_TARGET = 26.1;
				MARKETING_VERSION = 1.0;
				PRODUCT_BUNDLE_IDENTIFIER = co.furari.OctoDeckTests;
				PRODUCT_NAME = "$(TARGET_NAME)";
				STRING_CATALOG_GENERATE_SYMBOLS = NO;
				SWIFT_APPROACHABLE_CONCURRENCY = YES;
				SWIFT_EMIT_LOC_STRINGS = NO;
				SWIFT_UPCOMING_FEATURE_MEMBER_IMPORT_VISIBILITY = YES;
				SWIFT_VERSION = 5.0;
				TARGETED_DEVICE_FAMILY = "1,2";
				TEST_HOST = "$(BUILT_PRODUCTS_DIR)/OctoDeck.app/$(BUNDLE_EXECUTABLE_FOLDER_PATH)/OctoDeck";
			};
			name = Release;
		};
		F121DC322EEE93E400F19674 /* Debug */ = {
			isa = XCBuildConfiguration;
			buildSettings = {
				CODE_SIGN_STYLE = Automatic;
				CURRENT_PROJECT_VERSION = 1;
				DEVELOPMENT_TEAM = 4YP7SQBLYV;
				GENERATE_INFOPLIST_FILE = YES;
				MARKETING_VERSION = 1.0;
				PRODUCT_BUNDLE_IDENTIFIER = co.furari.OctoDeckUITests;
				PRODUCT_NAME = "$(TARGET_NAME)";
				STRING_CATALOG_GENERATE_SYMBOLS = NO;
				SWIFT_APPROACHABLE_CONCURRENCY = YES;
				SWIFT_EMIT_LOC_STRINGS = NO;
				SWIFT_UPCOMING_FEATURE_MEMBER_IMPORT_VISIBILITY = YES;
				SWIFT_VERSION = 5.0;
				TARGETED_DEVICE_FAMILY = "1,2";
				TEST_TARGET_NAME = OctoDeck;
			};
			name = Debug;
		};
		F121DC332EEE93E400F19674 /* Release */ = {
			isa = XCBuildConfiguration;
			buildSettings = {
				CODE_SIGN_STYLE = Automatic;
				CURRENT_PROJECT_VERSION = 1;
				DEVELOPMENT_TEAM = 4YP7SQBLYV;
				GENERATE_INFOPLIST_FILE = YES;
				MARKETING_VERSION = 1.0;
				PRODUCT_BUNDLE_IDENTIFIER = co.furari.OctoDeckUITests;
				PRODUCT_NAME = "$(TARGET_NAME)";
				STRING_CATALOG_GENERATE_SYMBOLS = NO;
				SWIFT_APPROACHABLE_CONCURRENCY = YES;
				SWIFT_EMIT_LOC_STRINGS = NO;
				SWIFT_UPCOMING_FEATURE_MEMBER_IMPORT_VISIBILITY = YES;
				SWIFT_VERSION = 5.0;
				TARGETED_DEVICE_FAMILY = "1,2";
				TEST_TARGET_NAME = OctoDeck;
			};
			name = Release;
		};
/* End XCBuildConfiguration section */

/* Begin XCConfigurationList section */
		F121DC052EEE93E300F19674 /* Build configuration list for PBXProject "OctoDeck" */ = {
			isa = XCConfigurationList;
			buildConfigurations = (
				F121DC292EEE93E400F19674 /* Debug */,
				F121DC2A2EEE93E400F19674 /* Release */,
			);
			defaultConfigurationIsVisible = 0;
			defaultConfigurationName = Release;
		};
		F121DC2B2EEE93E400F19674 /* Build configuration list for PBXNativeTarget "OctoDeck" */ = {
			isa = XCConfigurationList;
			buildConfigurations = (
				F121DC2C2EEE93E400F19674 /* Debug */,
				F121DC2D2EEE93E400F19674 /* Release */,
			);
			defaultConfigurationIsVisible = 0;
			defaultConfigurationName = Release;
		};
		F121DC2E2EEE93E400F19674 /* Build configuration list for PBXNativeTarget "OctoDeckTests" */ = {
			isa = XCConfigurationList;
			buildConfigurations = (
				F121DC2F2EEE93E400F19674 /* Debug */,
				F121DC302EEE93E400F19674 /* Release */,
			);
			defaultConfigurationIsVisible = 0;
			defaultConfigurationName = Release;
		};
		F121DC312EEE93E400F19674 /* Build configuration list for PBXNativeTarget "OctoDeckUITests" */ = {
			isa = XCConfigurationList;
			buildConfigurations = (
				F121DC322EEE93E400F19674 /* Debug */,
				F121DC332EEE93E400F19674 /* Release */,
			);
			defaultConfigurationIsVisible = 0;
			defaultConfigurationName = Release;
		};
/* End XCConfigurationList section */

/* Begin XCRemoteSwiftPackageReference section */
		F133D9AD2EEFF4E600468E01 /* XCRemoteSwiftPackageReference "swift-dependencies" */ = {
			isa = XCRemoteSwiftPackageReference;
			repositoryURL = "https://github.com/pointfreeco/swift-dependencies";
			requirement = {
				kind = upToNextMajorVersion;
				minimumVersion = 1.10.0;
			};
		};
		F15DC5A32EEFA4D500678AF7 /* XCRemoteSwiftPackageReference "swift-openapi-generator" */ = {
			isa = XCRemoteSwiftPackageReference;
			repositoryURL = "https://github.com/apple/swift-openapi-generator";
			requirement = {
				kind = upToNextMajorVersion;
				minimumVersion = 1.10.3;
			};
		};
		F15DC5A42EEFA4F800678AF7 /* XCRemoteSwiftPackageReference "swift-openapi-runtime" */ = {
			isa = XCRemoteSwiftPackageReference;
			repositoryURL = "https://github.com/apple/swift-openapi-runtime";
			requirement = {
				kind = upToNextMajorVersion;
				minimumVersion = 1.9.0;
			};
		};
		F15DC5A52EEFA51A00678AF7 /* XCRemoteSwiftPackageReference "swift-openapi-urlsession" */ = {
			isa = XCRemoteSwiftPackageReference;
			repositoryURL = "https://github.com/apple/swift-openapi-urlsession";
			requirement = {
				kind = upToNextMajorVersion;
				minimumVersion = 1.2.0;
			};
		};
		F196652E2EF13D2900983A66 /* XCRemoteSwiftPackageReference "Nuke" */ = {
			isa = XCRemoteSwiftPackageReference;
			repositoryURL = "https://github.com/kean/Nuke";
			requirement = {
				kind = upToNextMajorVersion;
				minimumVersion = 12.8.0;
			};
		};
/* End XCRemoteSwiftPackageReference section */

/* Begin XCSwiftPackageProductDependency section */
		F133D9AE2EEFF4E600468E01 /* Dependencies */ = {
			isa = XCSwiftPackageProductDependency;
			package = F133D9AD2EEFF4E600468E01 /* XCRemoteSwiftPackageReference "swift-dependencies" */;
			productName = Dependencies;
		};
		F133D9B02EEFF4E600468E01 /* DependenciesMacros */ = {
			isa = XCSwiftPackageProductDependency;
			package = F133D9AD2EEFF4E600468E01 /* XCRemoteSwiftPackageReference "swift-dependencies" */;
			productName = DependenciesMacros;
		};
		F15DC5A62EEFA54200678AF7 /* OpenAPIGenerator */ = {
			isa = XCSwiftPackageProductDependency;
			package = F15DC5A32EEFA4D500678AF7 /* XCRemoteSwiftPackageReference "swift-openapi-generator" */;
			productName = "plugin:OpenAPIGenerator";
		};
		F15DC5A92EEFA57B00678AF7 /* OpenAPIRuntime */ = {
			isa = XCSwiftPackageProductDependency;
			package = F15DC5A42EEFA4F800678AF7 /* XCRemoteSwiftPackageReference "swift-openapi-runtime" */;
			productName = OpenAPIRuntime;
		};
		F15DC5AB2EEFA57F00678AF7 /* OpenAPIURLSession */ = {
			isa = XCSwiftPackageProductDependency;
			package = F15DC5A52EEFA51A00678AF7 /* XCRemoteSwiftPackageReference "swift-openapi-urlsession" */;
			productName = OpenAPIURLSession;
		};
		F19665312EF13D2900983A66 /* NukeUI */ = {
			isa = XCSwiftPackageProductDependency;
			package = F196652E2EF13D2900983A66 /* XCRemoteSwiftPackageReference "Nuke" */;
			productName = NukeUI;
		};
/* End XCSwiftPackageProductDependency section */
	};
	rootObject = F121DC022EEE93E300F19674 /* Project object */;
}
